
Microsoft Visual Studio Solution File, Format Version 12.00
# Visual Studio Version 16
VisualStudioVersion = 16.0.30114.128
MinimumVisualStudioVersion = 10.0.40219.1
Project("{FAE04EC0-301F-11D3-BF4B-00C04F79EFBC}") = "AddressFormattingDotNet", "AddressFormattingDotNet\AddressFormattingDotNet.csproj", "{8BA5C4E4-5C21-47C5-A4BE-F46AB7759A4A}"
EndProject
Project("{FAE04EC0-301F-11D3-BF4B-00C04F79EFBC}") = "AddressFormattingDotNetConsole", "AddressFormattingDotNetConsole\AddressFormattingDotNetConsole.csproj", "{CF36AA19-ED6C-42AB-AC38-808212576FD4}"
EndProject
Global
	GlobalSection(SolutionConfigurationPlatforms) = preSolution
		Debug|Any CPU = Debug|Any CPU
		Release|Any CPU = Release|Any CPU
	EndGlobalSection
	GlobalSection(ProjectConfigurationPlatforms) = postSolution
		{8BA5C4E4-5C21-47C5-A4BE-F46AB7759A4A}.Debug|Any CPU.ActiveCfg = Debug|Any CPU
		{8BA5C4E4-5C21-47C5-A4BE-F46AB7759A4A}.Debug|Any CPU.Build.0 = Debug|Any CPU
		{8BA5C4E4-5C21-47C5-A4BE-F46AB7759A4A}.Release|Any CPU.ActiveCfg = Release|Any CPU
		{8BA5C4E4-5C21-47C5-A4BE-F46AB7759A4A}.Release|Any CPU.Build.0 = Release|Any CPU
		{CF36AA19-ED6C-42AB-AC38-808212576FD4}.Debug|Any CPU.ActiveCfg = Debug|Any CPU
		{CF36AA19-ED6C-42AB-AC38-808212576FD4}.Debug|Any CPU.Build.0 = Debug|Any CPU
		{CF36AA19-ED6C-42AB-AC38-808212576FD4}.Release|Any CPU.ActiveCfg = Release|Any CPU
		{CF36AA19-ED6C-42AB-AC38-808212576FD4}.Release|Any CPU.Build.0 = Release|Any CPU
	EndGlobalSection
	GlobalSection(SolutionProperties) = preSolution
		HideSolutionNode = FALSE
	EndGlobalSection
	GlobalSection(ExtensibilityGlobals) = postSolution
		SolutionGuid = {8B9B7001-C34D-4C8F-B1FF-18CF6CF60F28}
	EndGlobalSection
EndGlobal
